
Microsoft Visual Studio Solution File, Format Version 12.00
# Visual Studio Version 16
VisualStudioVersion = 16.0.30907.101
MinimumVisualStudioVersion = 10.0.40219.1
Project("{FAE04EC0-301F-11D3-BF4B-00C04F79EFBC}") = "basics", "basics\basics.csproj", "{0286E0D3-5E02-4AED-BB0E-2F01C729C674}"
EndProject
Global
	GlobalSection(SolutionConfigurationPlatforms) = preSolution
		Debug|Any CPU = Debug|Any CPU
		Release|Any CPU = Release|Any CPU
	EndGlobalSection
	GlobalSection(ProjectConfigurationPlatforms) = postSolution
		{0286E0D3-5E02-4AED-BB0E-2F01C729C674}.Debug|Any CPU.ActiveCfg = Debug|Any CPU
		{0286E0D3-5E02-4AED-BB0E-2F01C729C674}.Debug|Any CPU.Build.0 = Debug|Any CPU
		{0286E0D3-5E02-4AED-BB0E-2F01C729C674}.Release|Any CPU.ActiveCfg = Release|Any CPU
		{0286E0D3-5E02-4AED-BB0E-2F01C729C674}.Release|Any CPU.Build.0 = Release|Any CPU
	EndGlobalSection
	GlobalSection(SolutionProperties) = preSolution
		HideSolutionNode = FALSE
	EndGlobalSection
	GlobalSection(ExtensibilityGlobals) = postSolution
		SolutionGuid = {0C60BA36-CBF2-4A95-A6FE-90D135512847}
	EndGlobalSection
EndGlobal
